
Microsoft Visual Studio Solution File, Format Version 12.00
# Visual Studio Version 16
VisualStudioVersion = 16.0.32510.428
MinimumVisualStudioVersion = 10.0.40219.1
Project("{FAE04EC0-301F-11D3-BF4B-00C04F79EFBC}") = "DocFxClassLib", "DocFxClassLib\DocFxClassLib.csproj", "{AA31B4E2-8CA2-46C7-8D47-6A61DADA7EDD}"
EndProject
Global
	GlobalSection(SolutionConfigurationPlatforms) = preSolution
		Debug|Any CPU = Debug|Any CPU
		Release|Any CPU = Release|Any CPU
	EndGlobalSection
	GlobalSection(ProjectConfigurationPlatforms) = postSolution
		{AA31B4E2-8CA2-46C7-8D47-6A61DADA7EDD}.Debug|Any CPU.ActiveCfg = Debug|Any CPU
		{AA31B4E2-8CA2-46C7-8D47-6A61DADA7EDD}.Debug|Any CPU.Build.0 = Debug|Any CPU
		{AA31B4E2-8CA2-46C7-8D47-6A61DADA7EDD}.Release|Any CPU.ActiveCfg = Release|Any CPU
		{AA31B4E2-8CA2-46C7-8D47-6A61DADA7EDD}.Release|Any CPU.Build.0 = Release|Any CPU
	EndGlobalSection
	GlobalSection(SolutionProperties) = preSolution
		HideSolutionNode = FALSE
	EndGlobalSection
	GlobalSection(ExtensibilityGlobals) = postSolution
		SolutionGuid = {6D4EE210-3AD0-481A-B066-119E3367110F}
	EndGlobalSection
EndGlobal
